
Microsoft Visual Studio Solution File, Format Version 12.00
# Visual Studio Version 17
VisualStudioVersion = 17.10.35122.118
MinimumVisualStudioVersion = 10.0.40219.1
Project("{FAE04EC0-301F-11D3-BF4B-00C04F79EFBC}") = "Stolicihard", "Stolicihard\Stolicihard.csproj", "{DF3DBAA2-7F9A-4482-9552-7690D0A2AFB7}"
EndProject
Global
	GlobalSection(SolutionConfigurationPlatforms) = preSolution
		Debug|Any CPU = Debug|Any CPU
		Release|Any CPU = Release|Any CPU
	EndGlobalSection
	GlobalSection(ProjectConfigurationPlatforms) = postSolution
		{DF3DBAA2-7F9A-4482-9552-7690D0A2AFB7}.Debug|Any CPU.ActiveCfg = Debug|Any CPU
		{DF3DBAA2-7F9A-4482-9552-7690D0A2AFB7}.Debug|Any CPU.Build.0 = Debug|Any CPU
		{DF3DBAA2-7F9A-4482-9552-7690D0A2AFB7}.Release|Any CPU.ActiveCfg = Release|Any CPU
		{DF3DBAA2-7F9A-4482-9552-7690D0A2AFB7}.Release|Any CPU.Build.0 = Release|Any CPU
	EndGlobalSection
	GlobalSection(SolutionProperties) = preSolution
		HideSolutionNode = FALSE
	EndGlobalSection
	GlobalSection(ExtensibilityGlobals) = postSolution
		SolutionGuid = {A944E245-F353-49F9-ADE0-93F31659A4E7}
	EndGlobalSection
EndGlobal
